
Microsoft Visual Studio Solution File, Format Version 12.00
# Visual Studio Version 16
VisualStudioVersion = 16.0.32630.194
MinimumVisualStudioVersion = 10.0.40219.1
Project("{D2ABAB84-BF74-430A-B69E-9DC6D40DDA17}") = "CuboOlap", "CuboOlap\CuboOlap.dwproj", "{2744C95F-610F-4097-96A2-7DDDDB2B1F5B}"
EndProject
Global
	GlobalSection(SolutionConfigurationPlatforms) = preSolution
		Development|Default = Development|Default
	EndGlobalSection
	GlobalSection(ProjectConfigurationPlatforms) = postSolution
		{2744C95F-610F-4097-96A2-7DDDDB2B1F5B}.Development|Default.ActiveCfg = Development
		{2744C95F-610F-4097-96A2-7DDDDB2B1F5B}.Development|Default.Build.0 = Development
		{2744C95F-610F-4097-96A2-7DDDDB2B1F5B}.Development|Default.Deploy.0 = Development
	EndGlobalSection
	GlobalSection(SolutionProperties) = preSolution
		HideSolutionNode = FALSE
	EndGlobalSection
	GlobalSection(ExtensibilityGlobals) = postSolution
		SolutionGuid = {D038953B-2C2B-447E-82DB-BC773DE7B7AE}
	EndGlobalSection
EndGlobal
